
Microsoft Visual Studio Solution File, Format Version 12.00
# Visual Studio 15
VisualStudioVersion = 15.0.27703.2018
MinimumVisualStudioVersion = 10.0.40219.1
Project("{9A19103F-16F7-4668-BE54-9A1E7A4F7556}") = "BandWeb", "BandWeb\BandWeb.csproj", "{5F0DE9D7-EEE3-4288-8B5C-A8D56A3C5FC8}"
EndProject
Project("{9A19103F-16F7-4668-BE54-9A1E7A4F7556}") = "BandWeb.DAL", "BandWeb.DAL\BandWeb.DAL.csproj", "{999E1E69-3E2F-4834-875A-F1FF4997D779}"
EndProject
Project("{9A19103F-16F7-4668-BE54-9A1E7A4F7556}") = "BandWeb.Models", "BandWeb.Models\BandWeb.Models.csproj", "{6995D1AD-3AD1-4B92-A452-0B1950CE8FB7}"
EndProject
Project("{9A19103F-16F7-4668-BE54-9A1E7A4F7556}") = "BandWeb.Factory", "BandWeb.Factory\BandWeb.Factory.csproj", "{23B45F87-63FF-4FDC-9D54-ADCFF8112A50}"
EndProject
Project("{9A19103F-16F7-4668-BE54-9A1E7A4F7556}") = "BandWeb.Logic", "BandWeb.Logic\BandWeb.Logic.csproj", "{17BD7BE7-4D58-46CA-99C9-198D5502030C}"
EndProject
Global
	GlobalSection(SolutionConfigurationPlatforms) = preSolution
		Debug|Any CPU = Debug|Any CPU
		Release|Any CPU = Release|Any CPU
	EndGlobalSection
	GlobalSection(ProjectConfigurationPlatforms) = postSolution
		{5F0DE9D7-EEE3-4288-8B5C-A8D56A3C5FC8}.Debug|Any CPU.ActiveCfg = Debug|Any CPU
		{5F0DE9D7-EEE3-4288-8B5C-A8D56A3C5FC8}.Debug|Any CPU.Build.0 = Debug|Any CPU
		{5F0DE9D7-EEE3-4288-8B5C-A8D56A3C5FC8}.Release|Any CPU.ActiveCfg = Release|Any CPU
		{5F0DE9D7-EEE3-4288-8B5C-A8D56A3C5FC8}.Release|Any CPU.Build.0 = Release|Any CPU
		{999E1E69-3E2F-4834-875A-F1FF4997D779}.Debug|Any CPU.ActiveCfg = Debug|Any CPU
		{999E1E69-3E2F-4834-875A-F1FF4997D779}.Debug|Any CPU.Build.0 = Debug|Any CPU
		{999E1E69-3E2F-4834-875A-F1FF4997D779}.Release|Any CPU.ActiveCfg = Release|Any CPU
		{999E1E69-3E2F-4834-875A-F1FF4997D779}.Release|Any CPU.Build.0 = Release|Any CPU
		{6995D1AD-3AD1-4B92-A452-0B1950CE8FB7}.Debug|Any CPU.ActiveCfg = Debug|Any CPU
		{6995D1AD-3AD1-4B92-A452-0B1950CE8FB7}.Debug|Any CPU.Build.0 = Debug|Any CPU
		{6995D1AD-3AD1-4B92-A452-0B1950CE8FB7}.Release|Any CPU.ActiveCfg = Release|Any CPU
		{6995D1AD-3AD1-4B92-A452-0B1950CE8FB7}.Release|Any CPU.Build.0 = Release|Any CPU
		{23B45F87-63FF-4FDC-9D54-ADCFF8112A50}.Debug|Any CPU.ActiveCfg = Debug|Any CPU
		{23B45F87-63FF-4FDC-9D54-ADCFF8112A50}.Debug|Any CPU.Build.0 = Debug|Any CPU
		{23B45F87-63FF-4FDC-9D54-ADCFF8112A50}.Release|Any CPU.ActiveCfg = Release|Any CPU
		{23B45F87-63FF-4FDC-9D54-ADCFF8112A50}.Release|Any CPU.Build.0 = Release|Any CPU
		{17BD7BE7-4D58-46CA-99C9-198D5502030C}.Debug|Any CPU.ActiveCfg = Debug|Any CPU
		{17BD7BE7-4D58-46CA-99C9-198D5502030C}.Debug|Any CPU.Build.0 = Debug|Any CPU
		{17BD7BE7-4D58-46CA-99C9-198D5502030C}.Release|Any CPU.ActiveCfg = Release|Any CPU
		{17BD7BE7-4D58-46CA-99C9-198D5502030C}.Release|Any CPU.Build.0 = Release|Any CPU
	EndGlobalSection
	GlobalSection(SolutionProperties) = preSolution
		HideSolutionNode = FALSE
	EndGlobalSection
	GlobalSection(ExtensibilityGlobals) = postSolution
		SolutionGuid = {994EF76D-4B31-443A-9DE7-F1705515A880}
	EndGlobalSection
EndGlobal
